github.com/goinggo/jobpool v0.0.0-20140716180629-c768957b0d15 h1:xdY8NpbHshnP3tn5UacZJm/I656Q/PykHvz6sVigvqk=
github.com/goinggo/jobpool v0.0.0-20140716180629-c768957b0d15/go.mod h1:00tWR8O6PHpifS2BQBgROdJUzLjYDL3tm9aTNwqsa64=
github.com/goinggo/workpool v0.0.0-20160208222607-a68376913c9b h1:aGCNYEiu0TrmnefQVPs128ttJAQ2a29LRpTiVkxsndQ=
github.com/goinggo/workpool v0.0.0-20160208222607-a68376913c9b/go.mod h1:XgUoGpBn/kP3a5P6BzxMiRSutc+ld9Adx7IJRmJfNJ4=
